
Microsoft Visual Studio Solution File, Format Version 12.00
# Visual Studio Version 16
VisualStudioVersion = 16.0.31729.503
MinimumVisualStudioVersion = 10.0.40219.1
Project("{FAE04EC0-301F-11D3-BF4B-00C04F79EFBC}") = "Minmax", "Minmax\Minmax.csproj", "{754CD51A-F01C-4EF1-8DB0-E7DEC46138D4}"
EndProject
Project("{FAE04EC0-301F-11D3-BF4B-00C04F79EFBC}") = "Lab2", "Lab2\Lab2.csproj", "{F8BD58E3-383E-440A-AB0B-496524871C38}"
EndProject
Global
	GlobalSection(SolutionConfigurationPlatforms) = preSolution
		Debug|Any CPU = Debug|Any CPU
		Release|Any CPU = Release|Any CPU
	EndGlobalSection
	GlobalSection(ProjectConfigurationPlatforms) = postSolution
		{754CD51A-F01C-4EF1-8DB0-E7DEC46138D4}.Debug|Any CPU.ActiveCfg = Debug|Any CPU
		{754CD51A-F01C-4EF1-8DB0-E7DEC46138D4}.Debug|Any CPU.Build.0 = Debug|Any CPU
		{754CD51A-F01C-4EF1-8DB0-E7DEC46138D4}.Release|Any CPU.ActiveCfg = Release|Any CPU
		{754CD51A-F01C-4EF1-8DB0-E7DEC46138D4}.Release|Any CPU.Build.0 = Release|Any CPU
		{F8BD58E3-383E-440A-AB0B-496524871C38}.Debug|Any CPU.ActiveCfg = Debug|Any CPU
		{F8BD58E3-383E-440A-AB0B-496524871C38}.Debug|Any CPU.Build.0 = Debug|Any CPU
		{F8BD58E3-383E-440A-AB0B-496524871C38}.Release|Any CPU.ActiveCfg = Release|Any CPU
		{F8BD58E3-383E-440A-AB0B-496524871C38}.Release|Any CPU.Build.0 = Release|Any CPU
	EndGlobalSection
	GlobalSection(SolutionProperties) = preSolution
		HideSolutionNode = FALSE
	EndGlobalSection
	GlobalSection(ExtensibilityGlobals) = postSolution
		SolutionGuid = {57FB3EC3-5F12-4B09-B16D-735982601697}
	EndGlobalSection
EndGlobal
